
Microsoft Visual Studio Solution File, Format Version 12.00
# Visual Studio Version 16
VisualStudioVersion = 16.0.33801.447
MinimumVisualStudioVersion = 10.0.40219.1
Project("{FAE04EC0-301F-11D3-BF4B-00C04F79EFBC}") = "Order_Management_System", "Order_Management_System\Order_Management_System.csproj", "{D4428C72-EDB8-4BA3-8D37-A99484D85016}"
EndProject
Global
	GlobalSection(SolutionConfigurationPlatforms) = preSolution
		Debug|Any CPU = Debug|Any CPU
		Release|Any CPU = Release|Any CPU
	EndGlobalSection
	GlobalSection(ProjectConfigurationPlatforms) = postSolution
		{D4428C72-EDB8-4BA3-8D37-A99484D85016}.Debug|Any CPU.ActiveCfg = Debug|Any CPU
		{D4428C72-EDB8-4BA3-8D37-A99484D85016}.Debug|Any CPU.Build.0 = Debug|Any CPU
		{D4428C72-EDB8-4BA3-8D37-A99484D85016}.Release|Any CPU.ActiveCfg = Release|Any CPU
		{D4428C72-EDB8-4BA3-8D37-A99484D85016}.Release|Any CPU.Build.0 = Release|Any CPU
	EndGlobalSection
	GlobalSection(SolutionProperties) = preSolution
		HideSolutionNode = FALSE
	EndGlobalSection
	GlobalSection(ExtensibilityGlobals) = postSolution
		SolutionGuid = {F7853521-E533-4D85-9FE9-B80BC7FD03E6}
	EndGlobalSection
EndGlobal
